
Microsoft Visual Studio Solution File, Format Version 12.00
# Visual Studio Version 17
VisualStudioVersion = 17.11.35219.272
MinimumVisualStudioVersion = 10.0.40219.1
Project("{9A19103F-16F7-4668-BE54-9A1E7A4F7556}") = "QuartilesCracker", "QuartilesCracker\QuartilesCracker.csproj", "{D2F1DEC9-F84B-4232-A4AF-7C39AAAA0757}"
EndProject
Project("{9A19103F-16F7-4668-BE54-9A1E7A4F7556}") = "QuartilesTest", "QuartilesTest\QuartilesTest.csproj", "{ACEDEE35-1A03-436F-9A69-ED3A7C4F7740}"
EndProject
Global
	GlobalSection(SolutionConfigurationPlatforms) = preSolution
		Debug|Any CPU = Debug|Any CPU
		Release|Any CPU = Release|Any CPU
	EndGlobalSection
	GlobalSection(ProjectConfigurationPlatforms) = postSolution
		{D2F1DEC9-F84B-4232-A4AF-7C39AAAA0757}.Debug|Any CPU.ActiveCfg = Debug|Any CPU
		{D2F1DEC9-F84B-4232-A4AF-7C39AAAA0757}.Debug|Any CPU.Build.0 = Debug|Any CPU
		{D2F1DEC9-F84B-4232-A4AF-7C39AAAA0757}.Release|Any CPU.ActiveCfg = Release|Any CPU
		{D2F1DEC9-F84B-4232-A4AF-7C39AAAA0757}.Release|Any CPU.Build.0 = Release|Any CPU
		{ACEDEE35-1A03-436F-9A69-ED3A7C4F7740}.Debug|Any CPU.ActiveCfg = Debug|Any CPU
		{ACEDEE35-1A03-436F-9A69-ED3A7C4F7740}.Debug|Any CPU.Build.0 = Debug|Any CPU
		{ACEDEE35-1A03-436F-9A69-ED3A7C4F7740}.Release|Any CPU.ActiveCfg = Release|Any CPU
		{ACEDEE35-1A03-436F-9A69-ED3A7C4F7740}.Release|Any CPU.Build.0 = Release|Any CPU
	EndGlobalSection
	GlobalSection(SolutionProperties) = preSolution
		HideSolutionNode = FALSE
	EndGlobalSection
	GlobalSection(ExtensibilityGlobals) = postSolution
		SolutionGuid = {C7770A22-63D5-4B1B-8FBD-8C6BD7A1E958}
	EndGlobalSection
EndGlobal
