
Microsoft Visual Studio Solution File, Format Version 12.00
# Visual Studio Version 17
VisualStudioVersion = 17.11.35219.272
MinimumVisualStudioVersion = 10.0.40219.1
Project("{9A19103F-16F7-4668-BE54-9A1E7A4F7556}") = "QuartilesCracker", "QuartilesCracker\QuartilesCracker.csproj", "{D2F1DEC9-F84B-4232-A4AF-7C39AAAA0757}"
EndProject
Project("{9A19103F-16F7-4668-BE54-9A1E7A4F7556}") = "QuartilesTest", "QuartilesTest\QuartilesTest.csproj", "{ACEDEE35-1A03-436F-9A69-ED3A7C4F7740}"
EndProject
Project("{9A19103F-16F7-4668-BE54-9A1E7A4F7556}") = "DictionaryMerger", "DictionaryMerger\DictionaryMerger.csproj", "{B2D70BAB-4116-4AEE-993A-90D631EBAE6B}"
EndProject
Project("{9A19103F-16F7-4668-BE54-9A1E7A4F7556}") = "QuartilesToText", "QuartilesToText\QuartilesToText.csproj", "{2280AA7C-A04F-438C-82EA-C8C66BD4CEBA}"
EndProject
Project("{9A19103F-16F7-4668-BE54-9A1E7A4F7556}") = "DictionaryUpdater", "DictionaryUpdater\DictionaryUpdater.csproj", "{37B35EA3-F595-4C44-86F0-D8C37E5D45B9}"
EndProject
Project("{9A19103F-16F7-4668-BE54-9A1E7A4F7556}") = "QuartilesAnswers", "QuartilesAnswers\QuartilesAnswers.csproj", "{F0BCA178-FE2F-4ECA-BAD7-116DE07B1A64}"
EndProject
Project("{FAE04EC0-301F-11D3-BF4B-00C04F79EFBC}") = "SolutionClicker", "SolutionClicker\SolutionClicker.csproj", "{71E297E8-8550-407B-A196-BC37B8AEB84C}"
EndProject
Project("{FAE04EC0-301F-11D3-BF4B-00C04F79EFBC}") = "Chunk", "Chunk\Chunk.csproj", "{921BE2D4-4BF1-4D5D-8C67-D61A9B004731}"
EndProject
Project("{FAE04EC0-301F-11D3-BF4B-00C04F79EFBC}") = "QuartilesRunner", "QuartilesRunner\QuartilesRunner.csproj", "{7F7BC951-4A7D-44FD-8797-82C72F7FC81F}"
EndProject
Project("{FAE04EC0-301F-11D3-BF4B-00C04F79EFBC}") = "Paths", "Paths\Paths.csproj", "{F0C8571B-C6D2-41D3-B4D4-084C35146554}"
EndProject
Global
	GlobalSection(SolutionConfigurationPlatforms) = preSolution
		Debug|Any CPU = Debug|Any CPU
		Release|Any CPU = Release|Any CPU
	EndGlobalSection
	GlobalSection(ProjectConfigurationPlatforms) = postSolution
		{D2F1DEC9-F84B-4232-A4AF-7C39AAAA0757}.Debug|Any CPU.ActiveCfg = Debug|Any CPU
		{D2F1DEC9-F84B-4232-A4AF-7C39AAAA0757}.Debug|Any CPU.Build.0 = Debug|Any CPU
		{D2F1DEC9-F84B-4232-A4AF-7C39AAAA0757}.Release|Any CPU.ActiveCfg = Release|Any CPU
		{D2F1DEC9-F84B-4232-A4AF-7C39AAAA0757}.Release|Any CPU.Build.0 = Release|Any CPU
		{ACEDEE35-1A03-436F-9A69-ED3A7C4F7740}.Debug|Any CPU.ActiveCfg = Debug|Any CPU
		{ACEDEE35-1A03-436F-9A69-ED3A7C4F7740}.Debug|Any CPU.Build.0 = Debug|Any CPU
		{ACEDEE35-1A03-436F-9A69-ED3A7C4F7740}.Release|Any CPU.ActiveCfg = Release|Any CPU
		{ACEDEE35-1A03-436F-9A69-ED3A7C4F7740}.Release|Any CPU.Build.0 = Release|Any CPU
		{B2D70BAB-4116-4AEE-993A-90D631EBAE6B}.Debug|Any CPU.ActiveCfg = Debug|Any CPU
		{B2D70BAB-4116-4AEE-993A-90D631EBAE6B}.Debug|Any CPU.Build.0 = Debug|Any CPU
		{B2D70BAB-4116-4AEE-993A-90D631EBAE6B}.Release|Any CPU.ActiveCfg = Release|Any CPU
		{B2D70BAB-4116-4AEE-993A-90D631EBAE6B}.Release|Any CPU.Build.0 = Release|Any CPU
		{2280AA7C-A04F-438C-82EA-C8C66BD4CEBA}.Debug|Any CPU.ActiveCfg = Debug|Any CPU
		{2280AA7C-A04F-438C-82EA-C8C66BD4CEBA}.Debug|Any CPU.Build.0 = Debug|Any CPU
		{2280AA7C-A04F-438C-82EA-C8C66BD4CEBA}.Release|Any CPU.ActiveCfg = Release|Any CPU
		{2280AA7C-A04F-438C-82EA-C8C66BD4CEBA}.Release|Any CPU.Build.0 = Release|Any CPU
		{37B35EA3-F595-4C44-86F0-D8C37E5D45B9}.Debug|Any CPU.ActiveCfg = Debug|Any CPU
		{37B35EA3-F595-4C44-86F0-D8C37E5D45B9}.Debug|Any CPU.Build.0 = Debug|Any CPU
		{37B35EA3-F595-4C44-86F0-D8C37E5D45B9}.Release|Any CPU.ActiveCfg = Release|Any CPU
		{37B35EA3-F595-4C44-86F0-D8C37E5D45B9}.Release|Any CPU.Build.0 = Release|Any CPU
		{F0BCA178-FE2F-4ECA-BAD7-116DE07B1A64}.Debug|Any CPU.ActiveCfg = Debug|Any CPU
		{F0BCA178-FE2F-4ECA-BAD7-116DE07B1A64}.Debug|Any CPU.Build.0 = Debug|Any CPU
		{F0BCA178-FE2F-4ECA-BAD7-116DE07B1A64}.Release|Any CPU.ActiveCfg = Release|Any CPU
		{F0BCA178-FE2F-4ECA-BAD7-116DE07B1A64}.Release|Any CPU.Build.0 = Release|Any CPU
		{71E297E8-8550-407B-A196-BC37B8AEB84C}.Debug|Any CPU.ActiveCfg = Debug|Any CPU
		{71E297E8-8550-407B-A196-BC37B8AEB84C}.Debug|Any CPU.Build.0 = Debug|Any CPU
		{71E297E8-8550-407B-A196-BC37B8AEB84C}.Release|Any CPU.ActiveCfg = Release|Any CPU
		{71E297E8-8550-407B-A196-BC37B8AEB84C}.Release|Any CPU.Build.0 = Release|Any CPU
		{921BE2D4-4BF1-4D5D-8C67-D61A9B004731}.Debug|Any CPU.ActiveCfg = Debug|Any CPU
		{921BE2D4-4BF1-4D5D-8C67-D61A9B004731}.Debug|Any CPU.Build.0 = Debug|Any CPU
		{921BE2D4-4BF1-4D5D-8C67-D61A9B004731}.Release|Any CPU.ActiveCfg = Release|Any CPU
		{921BE2D4-4BF1-4D5D-8C67-D61A9B004731}.Release|Any CPU.Build.0 = Release|Any CPU
		{7F7BC951-4A7D-44FD-8797-82C72F7FC81F}.Debug|Any CPU.ActiveCfg = Debug|Any CPU
		{7F7BC951-4A7D-44FD-8797-82C72F7FC81F}.Debug|Any CPU.Build.0 = Debug|Any CPU
		{7F7BC951-4A7D-44FD-8797-82C72F7FC81F}.Release|Any CPU.ActiveCfg = Release|Any CPU
		{7F7BC951-4A7D-44FD-8797-82C72F7FC81F}.Release|Any CPU.Build.0 = Release|Any CPU
		{F0C8571B-C6D2-41D3-B4D4-084C35146554}.Debug|Any CPU.ActiveCfg = Debug|Any CPU
		{F0C8571B-C6D2-41D3-B4D4-084C35146554}.Debug|Any CPU.Build.0 = Debug|Any CPU
		{F0C8571B-C6D2-41D3-B4D4-084C35146554}.Release|Any CPU.ActiveCfg = Release|Any CPU
		{F0C8571B-C6D2-41D3-B4D4-084C35146554}.Release|Any CPU.Build.0 = Release|Any CPU
	EndGlobalSection
	GlobalSection(SolutionProperties) = preSolution
		HideSolutionNode = FALSE
	EndGlobalSection
	GlobalSection(ExtensibilityGlobals) = postSolution
		SolutionGuid = {C7770A22-63D5-4B1B-8FBD-8C6BD7A1E958}
	EndGlobalSection
EndGlobal
